// !$*UTF8*$!
{
	archiveVersion = 1;
	classes = {
	};
	objectVersion = 50;
	objects = {

/* Begin PBXBuildFile section */
		A3B67B6424A2542100AC567F /* AddToDoViewController.swift in Sources */ = {isa = PBXBuildFile; fileRef = A3B67B6324A2542100AC567F /* AddToDoViewController.swift */; };
		A3B67B8924A26D7900AC567F /* CompleteToDoViewController.swift in Sources */ = {isa = PBXBuildFile; fileRef = A3B67B8824A26D7900AC567F /* CompleteToDoViewController.swift */; };
		A3F526FB24A1111E00AE6D90 /* AppDelegate.swift in Sources */ = {isa = PBXBuildFile; fileRef = A3F526FA24A1111E00AE6D90 /* AppDelegate.swift */; };
		A3F526FD24A1111E00AE6D90 /* SceneDelegate.swift in Sources */ = {isa = PBXBuildFile; fileRef = A3F526FC24A1111E00AE6D90 /* SceneDelegate.swift */; };
		A3F5270224A1111E00AE6D90 /* Main.storyboard in Resources */ = {isa = PBXBuildFile; fileRef = A3F5270024A1111E00AE6D90 /* Main.storyboard */; };
		A3F5270524A1111E00AE6D90 /* ToDoList_June_2020.xcdatamodeld in Sources */ = {isa = PBXBuildFile; fileRef = A3F5270324A1111E00AE6D90 /* ToDoList_June_2020.xcdatamodeld */; };
		A3F5270724A1112600AE6D90 /* Assets.xcassets in Resources */ = {isa = PBXBuildFile; fileRef = A3F5270624A1112600AE6D90 /* Assets.xcassets */; };
		A3F5270A24A1112600AE6D90 /* LaunchScreen.storyboard in Resources */ = {isa = PBXBuildFile; fileRef = A3F5270824A1112600AE6D90 /* LaunchScreen.storyboard */; };
		A3F5271224A1140900AE6D90 /* ToDoTableTableViewController.swift in Sources */ = {isa = PBXBuildFile; fileRef = A3F5271124A1140900AE6D90 /* ToDoTableTableViewController.swift */; };
		A3F5271624A114F600AE6D90 /* ToDo.swift in Sources */ = {isa = PBXBuildFile; fileRef = A3F5271524A114F600AE6D90 /* ToDo.swift */; };
/* End PBXBuildFile section */

/* Begin PBXFileReference section */
		A3B67B6324A2542100AC567F /* AddToDoViewController.swift */ = {isa = PBXFileReference; lastKnownFileType = sourcecode.swift; path = AddToDoViewController.swift; sourceTree = "<group>"; };
		A3B67B8824A26D7900AC567F /* CompleteToDoViewController.swift */ = {isa = PBXFileReference; lastKnownFileType = sourcecode.swift; path = CompleteToDoViewController.swift; sourceTree = "<group>"; };
		A3F526F724A1111E00AE6D90 /* ToDoList June 2020.app */ = {isa = PBXFileReference; explicitFileType = wrapper.application; includeInIndex = 0; path = "ToDoList June 2020.app"; sourceTree = BUILT_PRODUCTS_DIR; };
		A3F526FA24A1111E00AE6D90 /* AppDelegate.swift */ = {isa = PBXFileReference; lastKnownFileType = sourcecode.swift; path = AppDelegate.swift; sourceTree = "<group>"; };
		A3F526FC24A1111E00AE6D90 /* SceneDelegate.swift */ = {isa = PBXFileReference; lastKnownFileType = sourcecode.swift; path = SceneDelegate.swift; sourceTree = "<group>"; };
		A3F5270124A1111E00AE6D90 /* Base */ = {isa = PBXFileReference; lastKnownFileType = file.storyboard; name = Base; path = Base.lproj/Main.storyboard; sourceTree = "<group>"; };
		A3F5270424A1111E00AE6D90 /* ToDoList_June_2020.xcdatamodel */ = {isa = PBXFileReference; lastKnownFileType = wrapper.xcdatamodel; path = ToDoList_June_2020.xcdatamodel; sourceTree = "<group>"; };
		A3F5270624A1112600AE6D90 /* Assets.xcassets */ = {isa = PBXFileReference; lastKnownFileType = folder.assetcatalog; path = Assets.xcassets; sourceTree = "<group>"; };
		A3F5270924A1112600AE6D90 /* Base */ = {isa = PBXFileReference; lastKnownFileType = file.storyboard; name = Base; path = Base.lproj/LaunchScreen.storyboard; sourceTree = "<group>"; };
		A3F5270B24A1112600AE6D90 /* Info.plist */ = {isa = PBXFileReference; lastKnownFileType = text.plist.xml; path = Info.plist; sourceTree = "<group>"; };
		A3F5271124A1140900AE6D90 /* ToDoTableTableViewController.swift */ = {isa = PBXFileReference; lastKnownFileType = sourcecode.swift; path = ToDoTableTableViewController.swift; sourceTree = "<group>"; };
		A3F5271524A114F600AE6D90 /* ToDo.swift */ = {isa = PBXFileReference; lastKnownFileType = sourcecode.swift; path = ToDo.swift; sourceTree = "<group>"; };
/* End PBXFileReference section */

/* Begin PBXFrameworksBuildPhase section */
		A3F526F424A1111E00AE6D90 /* Frameworks */ = {
			isa = PBXFrameworksBuildPhase;
			buildActionMask = 2147483647;
			files = (
			);
			runOnlyForDeploymentPostprocessing = 0;
		};
/* End PBXFrameworksBuildPhase section */

/* Begin PBXGroup section */
		A3F526EE24A1111E00AE6D90 = {
			isa = PBXGroup;
			children = (
				A3F526F924A1111E00AE6D90 /* ToDoList June 2020 */,
				A3F526F824A1111E00AE6D90 /* Products */,
			);
			sourceTree = "<group>";
		};
		A3F526F824A1111E00AE6D90 /* Products */ = {
			isa = PBXGroup;
			children = (
				A3F526F724A1111E00AE6D90 /* ToDoList June 2020.app */,
			);
			name = Products;
			sourceTree = "<group>";
		};
		A3F526F924A1111E00AE6D90 /* ToDoList June 2020 */ = {
			isa = PBXGroup;
			children = (
				A3F526FA24A1111E00AE6D90 /* AppDelegate.swift */,
				A3F526FC24A1111E00AE6D90 /* SceneDelegate.swift */,
				A3F5271524A114F600AE6D90 /* ToDo.swift */,
				A3F5270024A1111E00AE6D90 /* Main.storyboard */,
				A3B67B8824A26D7900AC567F /* CompleteToDoViewController.swift */,
				A3B67B6324A2542100AC567F /* AddToDoViewController.swift */,
				A3F5271124A1140900AE6D90 /* ToDoTableTableViewController.swift */,
				A3F5270624A1112600AE6D90 /* Assets.xcassets */,
				A3F5270824A1112600AE6D90 /* LaunchScreen.storyboard */,
				A3F5270B24A1112600AE6D90 /* Info.plist */,
				A3F5270324A1111E00AE6D90 /* ToDoList_June_2020.xcdatamodeld */,
			);
			path = "ToDoList June 2020";
			sourceTree = "<group>";
		};
/* End PBXGroup section */

/* Begin PBXNativeTarget section */
		A3F526F624A1111E00AE6D90 /* ToDoList June 2020 */ = {
			isa = PBXNativeTarget;
			buildConfigurationList = A3F5270E24A1112600AE6D90 /* Build configuration list for PBXNativeTarget "ToDoList June 2020" */;
			buildPhases = (
				A3F526F324A1111E00AE6D90 /* Sources */,
				A3F526F424A1111E00AE6D90 /* Frameworks */,
				A3F526F524A1111E00AE6D90 /* Resources */,
			);
			buildRules = (
			);
			dependencies = (
			);
			name = "ToDoList June 2020";
			productName = "ToDoList June 2020";
			productReference = A3F526F724A1111E00AE6D90 /* ToDoList June 2020.app */;
			productType = "com.apple.product-type.application";
		};
/* End PBXNativeTarget section */

/* Begin PBXProject section */
		A3F526EF24A1111E00AE6D90 /* Project object */ = {
			isa = PBXProject;
			attributes = {
				LastSwiftUpdateCheck = 1130;
				LastUpgradeCheck = 1130;
				ORGANIZATIONNAME = "ERIC SMITH";
				TargetAttributes = {
					A3F526F624A1111E00AE6D90 = {
						CreatedOnToolsVersion = 11.3.1;
					};
				};
			};
			buildConfigurationList = A3F526F224A1111E00AE6D90 /* Build configuration list for PBXProject "ToDoList June 2020" */;
			compatibilityVersion = "Xcode 9.3";
			developmentRegion = en;
			hasScannedForEncodings = 0;
			knownRegions = (
				en,
				Base,
			);
			mainGroup = A3F526EE24A1111E00AE6D90;
			productRefGroup = A3F526F824A1111E00AE6D90 /* Products */;
			projectDirPath = "";
			projectRoot = "";
			targets = (
				A3F526F624A1111E00AE6D90 /* ToDoList June 2020 */,
			);
		};
/* End PBXProject section */

/* Begin PBXResourcesBuildPhase section */
		A3F526F524A1111E00AE6D90 /* Resources */ = {
			isa = PBXResourcesBuildPhase;
			buildActionMask = 2147483647;
			files = (
				A3F5270A24A1112600AE6D90 /* LaunchScreen.storyboard in Resources */,
				A3F5270724A1112600AE6D90 /* Assets.xcassets in Resources */,
				A3F5270224A1111E00AE6D90 /* Main.storyboard in Resources */,
			);
			runOnlyForDeploymentPostprocessing = 0;
		};
/* End PBXResourcesBuildPhase section */

/* Begin PBXSourcesBuildPhase section */
		A3F526F324A1111E00AE6D90 /* Sources */ = {
			isa = PBXSourcesBuildPhase;
			buildActionMask = 2147483647;
			files = (
				A3F5270524A1111E00AE6D90 /* ToDoList_June_2020.xcdatamodeld in Sources */,
				A3F526FB24A1111E00AE6D90 /* AppDelegate.swift in Sources */,
				A3F5271624A114F600AE6D90 /* ToDo.swift in Sources */,
				A3B67B8924A26D7900AC567F /* CompleteToDoViewController.swift in Sources */,
				A3F526FD24A1111E00AE6D90 /* SceneDelegate.swift in Sources */,
				A3B67B6424A2542100AC567F /* AddToDoViewController.swift in Sources */,
				A3F5271224A1140900AE6D90 /* ToDoTableTableViewController.swift in Sources */,
			);
			runOnlyForDeploymentPostprocessing = 0;
		};
/* End PBXSourcesBuildPhase section */

/* Begin PBXVariantGroup section */
		A3F5270024A1111E00AE6D90 /* Main.storyboard */ = {
			isa = PBXVariantGroup;
			children = (
				A3F5270124A1111E00AE6D90 /* Base */,
			);
			name = Main.storyboard;
			sourceTree = "<group>";
		};
		A3F5270824A1112600AE6D90 /* LaunchScreen.storyboard */ = {
			isa = PBXVariantGroup;
			children = (
				A3F5270924A1112600AE6D90 /* Base */,
			);
			name = LaunchScreen.storyboard;
			sourceTree = "<group>";
		};
/* End PBXVariantGroup section */

/* Begin XCBuildConfiguration section */
		A3F5270C24A1112600AE6D90 /* Debug */ = {
			isa = XCBuildConfiguration;
			buildSettings = {
				ALWAYS_SEARCH_USER_PATHS = NO;
				CLANG_ANALYZER_NONNULL = YES;
				CLANG_ANALYZER_NUMBER_OBJECT_CONVERSION = YES_AGGRESSIVE;
				CLANG_CXX_LANGUAGE_STANDARD = "gnu++14";
				CLANG_CXX_LIBRARY = "libc++";
				CLANG_ENABLE_MODULES = YES;
				CLANG_ENABLE_OBJC_ARC = YES;
				CLANG_ENABLE_OBJC_WEAK = YES;
				CLANG_WARN_BLOCK_CAPTURE_AUTORELEASING = YES;
				CLANG_WARN_BOOL_CONVERSION = YES;
				CLANG_WARN_COMMA = YES;
				CLANG_WARN_CONSTANT_CONVERSION = YES;
				CLANG_WARN_DEPRECATED_OBJC_IMPLEMENTATIONS = YES;
				CLANG_WARN_DIRECT_OBJC_ISA_USAGE = YES_ERROR;
				CLANG_WARN_DOCUMENTATION_COMMENTS = YES;
				CLANG_WARN_EMPTY_BODY = YES;
				CLANG_WARN_ENUM_CONVERSION = YES;
				CLANG_WARN_INFINITE_RECURSION = YES;
				CLANG_WARN_INT_CONVERSION = YES;
				CLANG_WARN_NON_LITERAL_NULL_CONVERSION = YES;
				CLANG_WARN_OBJC_IMPLICIT_RETAIN_SELF = YES;
				CLANG_WARN_OBJC_LITERAL_CONVERSION = YES;
				CLANG_WARN_OBJC_ROOT_CLASS = YES_ERROR;
				CLANG_WARN_RANGE_LOOP_ANALYSIS = YES;
				CLANG_WARN_STRICT_PROTOTYPES = YES;
				CLANG_WARN_SUSPICIOUS_MOVE = YES;
				CLANG_WARN_UNGUARDED_AVAILABILITY = YES_AGGRESSIVE;
				CLANG_WARN_UNREACHABLE_CODE = YES;
				CLANG_WARN__DUPLICATE_METHOD_MATCH = YES;
				COPY_PHASE_STRIP = NO;
				DEBUG_INFORMATION_FORMAT = dwarf;
				ENABLE_STRICT_OBJC_MSGSEND = YES;
				ENABLE_TESTABILITY = YES;
				GCC_C_LANGUAGE_STANDARD = gnu11;
				GCC_DYNAMIC_NO_PIC = NO;
				GCC_NO_COMMON_BLOCKS = YES;
				GCC_OPTIMIZATION_LEVEL = 0;
				GCC_PREPROCESSOR_DEFINITIONS = (
					"DEBUG=1",
					"$(inherited)",
				);
				GCC_WARN_64_TO_32_BIT_CONVERSION = YES;
				GCC_WARN_ABOUT_RETURN_TYPE = YES_ERROR;
				GCC_WARN_UNDECLARED_SELECTOR = YES;
				GCC_WARN_UNINITIALIZED_AUTOS = YES_AGGRESSIVE;
				GCC_WARN_UNUSED_FUNCTION = YES;
				GCC_WARN_UNUSED_VARIABLE = YES;
				IPHONEOS_DEPLOYMENT_TARGET = 13.2;
				MTL_ENABLE_DEBUG_INFO = INCLUDE_SOURCE;
				MTL_FAST_MATH = YES;
				ONLY_ACTIVE_ARCH = YES;
				SDKROOT = iphoneos;
				SWIFT_ACTIVE_COMPILATION_CONDITIONS = DEBUG;
				SWIFT_OPTIMIZATION_LEVEL = "-Onone";
			};
			name = Debug;
		};
		A3F5270D24A1112600AE6D90 /* Release */ = {
			isa = XCBuildConfiguration;
			buildSettings = {
				ALWAYS_SEARCH_USER_PATHS = NO;
				CLANG_ANALYZER_NONNULL = YES;
				CLANG_ANALYZER_NUMBER_OBJECT_CONVERSION = YES_AGGRESSIVE;
				CLANG_CXX_LANGUAGE_STANDARD = "gnu++14";
				CLANG_CXX_LIBRARY = "libc++";
				CLANG_ENABLE_MODULES = YES;
				CLANG_ENABLE_OBJC_ARC = YES;
				CLANG_ENABLE_OBJC_WEAK = YES;
				CLANG_WARN_BLOCK_CAPTURE_AUTORELEASING = YES;
				CLANG_WARN_BOOL_CONVERSION = YES;
				CLANG_WARN_COMMA = YES;
				CLANG_WARN_CONSTANT_CONVERSION = YES;
				CLANG_WARN_DEPRECATED_OBJC_IMPLEMENTATIONS = YES;
				CLANG_WARN_DIRECT_OBJC_ISA_USAGE = YES_ERROR;
				CLANG_WARN_DOCUMENTATION_COMMENTS = YES;
				CLANG_WARN_EMPTY_BODY = YES;
				CLANG_WARN_ENUM_CONVERSION = YES;
				CLANG_WARN_INFINITE_RECURSION = YES;
				CLANG_WARN_INT_CONVERSION = YES;
				CLANG_WARN_NON_LITERAL_NULL_CONVERSION = YES;
				CLANG_WARN_OBJC_IMPLICIT_RETAIN_SELF = YES;
				CLANG_WARN_OBJC_LITERAL_CONVERSION = YES;
				CLANG_WARN_OBJC_ROOT_CLASS = YES_ERROR;
				CLANG_WARN_RANGE_LOOP_ANALYSIS = YES;
				CLANG_WARN_STRICT_PROTOTYPES = YES;
				CLANG_WARN_SUSPICIOUS_MOVE = YES;
				CLANG_WARN_UNGUARDED_AVAILABILITY = YES_AGGRESSIVE;
				CLANG_WARN_UNREACHABLE_CODE = YES;
				CLANG_WARN__DUPLICATE_METHOD_MATCH = YES;
				COPY_PHASE_STRIP = NO;
				DEBUG_INFORMATION_FORMAT = "dwarf-with-dsym";
				ENABLE_NS_ASSERTIONS = NO;
				ENABLE_STRICT_OBJC_MSGSEND = YES;
				GCC_C_LANGUAGE_STANDARD = gnu11;
				GCC_NO_COMMON_BLOCKS = YES;
				GCC_WARN_64_TO_32_BIT_CONVERSION = YES;
				GCC_WARN_ABOUT_RETURN_TYPE = YES_ERROR;
				GCC_WARN_UNDECLARED_SELECTOR = YES;
				GCC_WARN_UNINITIALIZED_AUTOS = YES_AGGRESSIVE;
				GCC_WARN_UNUSED_FUNCTION = YES;
				GCC_WARN_UNUSED_VARIABLE = YES;
				IPHONEOS_DEPLOYMENT_TARGET = 13.2;
				MTL_ENABLE_DEBUG_INFO = NO;
				MTL_FAST_MATH = YES;
				SDKROOT = iphoneos;
				SWIFT_COMPILATION_MODE = wholemodule;
				SWIFT_OPTIMIZATION_LEVEL = "-O";
				VALIDATE_PRODUCT = YES;
			};
			name = Release;
		};
		A3F5270F24A1112600AE6D90 /* Debug */ = {
			isa = XCBuildConfiguration;
			buildSettings = {
				ASSETCATALOG_COMPILER_APPICON_NAME = AppIcon;
				CODE_SIGN_STYLE = Automatic;
				INFOPLIST_FILE = "ToDoList June 2020/Info.plist";
				LD_RUNPATH_SEARCH_PATHS = (
					"$(inherited)",
					"@executable_path/Frameworks",
				);
				PRODUCT_BUNDLE_IDENTIFIER = "KWK2020.ToDoList-June-2020";
				PRODUCT_NAME = "$(TARGET_NAME)";
				SWIFT_VERSION = 5.0;
				TARGETED_DEVICE_FAMILY = "1,2";
			};
			name = Debug;
		};
		A3F5271024A1112600AE6D90 /* Release */ = {
			isa = XCBuildConfiguration;
			buildSettings = {
				ASSETCATALOG_COMPILER_APPICON_NAME = AppIcon;
				CODE_SIGN_STYLE = Automatic;
				INFOPLIST_FILE = "ToDoList June 2020/Info.plist";
				LD_RUNPATH_SEARCH_PATHS = (
					"$(inherited)",
					"@executable_path/Frameworks",
				);
				PRODUCT_BUNDLE_IDENTIFIER = "KWK2020.ToDoList-June-2020";
				PRODUCT_NAME = "$(TARGET_NAME)";
				SWIFT_VERSION = 5.0;
				TARGETED_DEVICE_FAMILY = "1,2";
			};
			name = Release;
		};
/* End XCBuildConfiguration section */

/* Begin XCConfigurationList section */
		A3F526F224A1111E00AE6D90 /* Build configuration list for PBXProject "ToDoList June 2020" */ = {
			isa = XCConfigurationList;
			buildConfigurations = (
				A3F5270C24A1112600AE6D90 /* Debug */,
				A3F5270D24A1112600AE6D90 /* Release */,
			);
			defaultConfigurationIsVisible = 0;
			defaultConfigurationName = Release;
		};
		A3F5270E24A1112600AE6D90 /* Build configuration list for PBXNativeTarget "ToDoList June 2020" */ = {
			isa = XCConfigurationList;
			buildConfigurations = (
				A3F5270F24A1112600AE6D90 /* Debug */,
				A3F5271024A1112600AE6D90 /* Release */,
			);
			defaultConfigurationIsVisible = 0;
			defaultConfigurationName = Release;
		};
/* End XCConfigurationList section */

/* Begin XCVersionGroup section */
		A3F5270324A1111E00AE6D90 /* ToDoList_June_2020.xcdatamodeld */ = {
			isa = XCVersionGroup;
			children = (
				A3F5270424A1111E00AE6D90 /* ToDoList_June_2020.xcdatamodel */,
			);
			currentVersion = A3F5270424A1111E00AE6D90 /* ToDoList_June_2020.xcdatamodel */;
			path = ToDoList_June_2020.xcdatamodeld;
			sourceTree = "<group>";
			versionGroupType = wrapper.xcdatamodel;
		};
/* End XCVersionGroup section */
	};
	rootObject = A3F526EF24A1111E00AE6D90 /* Project object */;
}
